// !$*UTF8*$!
{
	archiveVersion = 1;
	classes = {
	};
	objectVersion = 48;
	objects = {

/* Begin PBXBuildFile section */
		1FCCB49F527328F0524CAB6E /* Pods_Roommate_App.framework in Frameworks */ = {isa = PBXBuildFile; fileRef = 16550E7F61CB9ED99C045D87 /* Pods_Roommate_App.framework */; };
		3745D505205CCD3300227F97 /* ChoreListViewController.swift in Sources */ = {isa = PBXBuildFile; fileRef = 3745D504205CCD3300227F97 /* ChoreListViewController.swift */; };
		3745D509205CD54900227F97 /* CreateChoreViewController.swift in Sources */ = {isa = PBXBuildFile; fileRef = 3745D508205CD54900227F97 /* CreateChoreViewController.swift */; };
		3745D50B205CD57600227F97 /* ChoreViewController.swift in Sources */ = {isa = PBXBuildFile; fileRef = 3745D50A205CD57600227F97 /* ChoreViewController.swift */; };
		37D894572073F3C800C961D6 /* HousematesViewController.swift in Sources */ = {isa = PBXBuildFile; fileRef = 37D894562073F3C800C961D6 /* HousematesViewController.swift */; };
		37DB6BA9203F3639006C296C /* CreateHouseViewController.swift in Sources */ = {isa = PBXBuildFile; fileRef = 37DB6BA8203F3639006C296C /* CreateHouseViewController.swift */; };
		757DB93B202E1E8500CB9FF6 /* AppDelegate.swift in Sources */ = {isa = PBXBuildFile; fileRef = 757DB93A202E1E8500CB9FF6 /* AppDelegate.swift */; };
		757DB93D202E1E8500CB9FF6 /* ViewController.swift in Sources */ = {isa = PBXBuildFile; fileRef = 757DB93C202E1E8500CB9FF6 /* ViewController.swift */; };
		757DB940202E1E8500CB9FF6 /* Main.storyboard in Resources */ = {isa = PBXBuildFile; fileRef = 757DB93E202E1E8500CB9FF6 /* Main.storyboard */; };
		757DB942202E1E8500CB9FF6 /* Assets.xcassets in Resources */ = {isa = PBXBuildFile; fileRef = 757DB941202E1E8500CB9FF6 /* Assets.xcassets */; };
		757DB945202E1E8500CB9FF6 /* LaunchScreen.storyboard in Resources */ = {isa = PBXBuildFile; fileRef = 757DB943202E1E8500CB9FF6 /* LaunchScreen.storyboard */; };
		757DB950202E1E8500CB9FF6 /* Roommate_AppTests.swift in Sources */ = {isa = PBXBuildFile; fileRef = 757DB94F202E1E8500CB9FF6 /* Roommate_AppTests.swift */; };
		757DB95B202E1E8500CB9FF6 /* Roommate_AppUITests.swift in Sources */ = {isa = PBXBuildFile; fileRef = 757DB95A202E1E8500CB9FF6 /* Roommate_AppUITests.swift */; };
		757DB96D20351F6F00CB9FF6 /* UserAccount.swift in Sources */ = {isa = PBXBuildFile; fileRef = 757DB96C20351F6F00CB9FF6 /* UserAccount.swift */; };
		757DB96F20351F8700CB9FF6 /* House.swift in Sources */ = {isa = PBXBuildFile; fileRef = 757DB96E20351F8700CB9FF6 /* House.swift */; };
		757DB97120351F9600CB9FF6 /* Charge.swift in Sources */ = {isa = PBXBuildFile; fileRef = 757DB97020351F9600CB9FF6 /* Charge.swift */; };
		758CF9F92060A1E800DA12E6 /* Notifications.swift in Sources */ = {isa = PBXBuildFile; fileRef = 758CF9F82060A1E800DA12E6 /* Notifications.swift */; };
		758CF9FB2062BC8900DA12E6 /* FeedViewController.swift in Sources */ = {isa = PBXBuildFile; fileRef = 758CF9FA2062BC8900DA12E6 /* FeedViewController.swift */; };
		758CF9FD207017A800DA12E6 /* BalanceViewController.swift in Sources */ = {isa = PBXBuildFile; fileRef = 758CF9FC207017A800DA12E6 /* BalanceViewController.swift */; };
		883393E920339099003A4E2F /* GoogleService-Info.plist in Resources */ = {isa = PBXBuildFile; fileRef = 883393E820339099003A4E2F /* GoogleService-Info.plist */; };
		883393EA20339099003A4E2F /* GoogleService-Info.plist in Resources */ = {isa = PBXBuildFile; fileRef = 883393E820339099003A4E2F /* GoogleService-Info.plist */; };
		883393EB20339099003A4E2F /* GoogleService-Info.plist in Resources */ = {isa = PBXBuildFile; fileRef = 883393E820339099003A4E2F /* GoogleService-Info.plist */; };
		888310DC2037848300E4F495 /* ReturnValue.swift in Sources */ = {isa = PBXBuildFile; fileRef = 888310DB2037848300E4F495 /* ReturnValue.swift */; };
		88843D5A203539BE00B05F1F /* DatabaseAccess.swift in Sources */ = {isa = PBXBuildFile; fileRef = 88843D59203539BE00B05F1F /* DatabaseAccess.swift */; };
		888C5286205F090700521B65 /* ImageStorage.swift in Sources */ = {isa = PBXBuildFile; fileRef = 888C5285205F090700521B65 /* ImageStorage.swift */; };
		888C5288205F119D00521B65 /* CompleteChore.storyboard in Resources */ = {isa = PBXBuildFile; fileRef = 888C5287205F119D00521B65 /* CompleteChore.storyboard */; };
		888C528A205F12F200521B65 /* attributions.rtf in Resources */ = {isa = PBXBuildFile; fileRef = 888C5289205F12F200521B65 /* attributions.rtf */; };
		888C528E205F166C00521B65 /* CompleteChoreController.swift in Sources */ = {isa = PBXBuildFile; fileRef = 888C528D205F166B00521B65 /* CompleteChoreController.swift */; };
		88984EE9206D67DF00E2E9E6 /* AddCharge.storyboard in Resources */ = {isa = PBXBuildFile; fileRef = 88984EE8206D67DF00E2E9E6 /* AddCharge.storyboard */; };
		88984EED206D6E8800E2E9E6 /* CreateChargeController.swift in Sources */ = {isa = PBXBuildFile; fileRef = 88984EEC206D6E8800E2E9E6 /* CreateChargeController.swift */; };
		88D642A22063268200C30737 /* ChoreAJ.swift in Sources */ = {isa = PBXBuildFile; fileRef = 88D642A12063268200C30737 /* ChoreAJ.swift */; };
		905CA2E0203CA65D0006077B /* HouseScreen.storyboard in Resources */ = {isa = PBXBuildFile; fileRef = 905CA2DF203CA65D0006077B /* HouseScreen.storyboard */; };
		90F573C8203E3390001FBEC1 /* ProfileController.swift in Sources */ = {isa = PBXBuildFile; fileRef = 90F573C7203E3390001FBEC1 /* ProfileController.swift */; };
		90F573CA203E8B47001FBEC1 /* CurrentState.swift in Sources */ = {isa = PBXBuildFile; fileRef = 90F573C9203E8B47001FBEC1 /* CurrentState.swift */; };
		90F573CC203F2AB7001FBEC1 /* UserProfileController.swift in Sources */ = {isa = PBXBuildFile; fileRef = 90F573CB203F2AB7001FBEC1 /* UserProfileController.swift */; };
		90F573CE203F4576001FBEC1 /* HouseProfileController.swift in Sources */ = {isa = PBXBuildFile; fileRef = 90F573CD203F4576001FBEC1 /* HouseProfileController.swift */; };
		A6D6C88B9D3B8DEAE7928653 /* Pods_Roommate_AppUITests.framework in Frameworks */ = {isa = PBXBuildFile; fileRef = 54E718FC3D196C2913529BAF /* Pods_Roommate_AppUITests.framework */; };
		C22EEAC6203B575800A3E19B /* AllHousesPageViewController.swift in Sources */ = {isa = PBXBuildFile; fileRef = C22EEAC5203B575800A3E19B /* AllHousesPageViewController.swift */; };
		DDDB8702CB170AFD719C4AAF /* Pods_Roommate_AppTests.framework in Frameworks */ = {isa = PBXBuildFile; fileRef = FEEE1809648AB609172A7525 /* Pods_Roommate_AppTests.framework */; };
/* End PBXBuildFile section */

/* Begin PBXContainerItemProxy section */
		757DB94C202E1E8500CB9FF6 /* PBXContainerItemProxy */ = {
			isa = PBXContainerItemProxy;
			containerPortal = 757DB92F202E1E8500CB9FF6 /* Project object */;
			proxyType = 1;
			remoteGlobalIDString = 757DB936202E1E8500CB9FF6;
			remoteInfo = "Roommate App";
		};
		757DB957202E1E8500CB9FF6 /* PBXContainerItemProxy */ = {
			isa = PBXContainerItemProxy;
			containerPortal = 757DB92F202E1E8500CB9FF6 /* Project object */;
			proxyType = 1;
			remoteGlobalIDString = 757DB936202E1E8500CB9FF6;
			remoteInfo = "Roommate App";
		};
/* End PBXContainerItemProxy section */

/* Begin PBXFileReference section */
		16550E7F61CB9ED99C045D87 /* Pods_Roommate_App.framework */ = {isa = PBXFileReference; explicitFileType = wrapper.framework; includeInIndex = 0; path = Pods_Roommate_App.framework; sourceTree = BUILT_PRODUCTS_DIR; };
		17414706F0FBA05014F0330D /* Pods-Roommate AppTests.release.xcconfig */ = {isa = PBXFileReference; includeInIndex = 1; lastKnownFileType = text.xcconfig; name = "Pods-Roommate AppTests.release.xcconfig"; path = "Pods/Target Support Files/Pods-Roommate AppTests/Pods-Roommate AppTests.release.xcconfig"; sourceTree = "<group>"; };
		2646D0BA8CEF18B5F27F2105 /* Pods-Roommate AppTests.debug.xcconfig */ = {isa = PBXFileReference; includeInIndex = 1; lastKnownFileType = text.xcconfig; name = "Pods-Roommate AppTests.debug.xcconfig"; path = "Pods/Target Support Files/Pods-Roommate AppTests/Pods-Roommate AppTests.debug.xcconfig"; sourceTree = "<group>"; };
		3745D504205CCD3300227F97 /* ChoreListViewController.swift */ = {isa = PBXFileReference; lastKnownFileType = sourcecode.swift; path = ChoreListViewController.swift; sourceTree = "<group>"; };
		3745D508205CD54900227F97 /* CreateChoreViewController.swift */ = {isa = PBXFileReference; lastKnownFileType = sourcecode.swift; path = CreateChoreViewController.swift; sourceTree = "<group>"; };
		3745D50A205CD57600227F97 /* ChoreViewController.swift */ = {isa = PBXFileReference; lastKnownFileType = sourcecode.swift; path = ChoreViewController.swift; sourceTree = "<group>"; };
		37D894562073F3C800C961D6 /* HousematesViewController.swift */ = {isa = PBXFileReference; lastKnownFileType = sourcecode.swift; path = HousematesViewController.swift; sourceTree = "<group>"; };
		37DB6BA8203F3639006C296C /* CreateHouseViewController.swift */ = {isa = PBXFileReference; lastKnownFileType = sourcecode.swift; path = CreateHouseViewController.swift; sourceTree = "<group>"; };
		54E718FC3D196C2913529BAF /* Pods_Roommate_AppUITests.framework */ = {isa = PBXFileReference; explicitFileType = wrapper.framework; includeInIndex = 0; path = Pods_Roommate_AppUITests.framework; sourceTree = BUILT_PRODUCTS_DIR; };
		62205F9ED54CE6CDCD38CCFA /* Pods-Roommate AppUITests.release.xcconfig */ = {isa = PBXFileReference; includeInIndex = 1; lastKnownFileType = text.xcconfig; name = "Pods-Roommate AppUITests.release.xcconfig"; path = "Pods/Target Support Files/Pods-Roommate AppUITests/Pods-Roommate AppUITests.release.xcconfig"; sourceTree = "<group>"; };
		757DB937202E1E8500CB9FF6 /* Roommate App.app */ = {isa = PBXFileReference; explicitFileType = wrapper.application; includeInIndex = 0; path = "Roommate App.app"; sourceTree = BUILT_PRODUCTS_DIR; };
		757DB93A202E1E8500CB9FF6 /* AppDelegate.swift */ = {isa = PBXFileReference; lastKnownFileType = sourcecode.swift; path = AppDelegate.swift; sourceTree = "<group>"; };
		757DB93C202E1E8500CB9FF6 /* ViewController.swift */ = {isa = PBXFileReference; lastKnownFileType = sourcecode.swift; path = ViewController.swift; sourceTree = "<group>"; };
		757DB93F202E1E8500CB9FF6 /* Base */ = {isa = PBXFileReference; lastKnownFileType = file.storyboard; name = Base; path = Base.lproj/Main.storyboard; sourceTree = "<group>"; };
		757DB941202E1E8500CB9FF6 /* Assets.xcassets */ = {isa = PBXFileReference; lastKnownFileType = folder.assetcatalog; path = Assets.xcassets; sourceTree = "<group>"; };
		757DB944202E1E8500CB9FF6 /* Base */ = {isa = PBXFileReference; lastKnownFileType = file.storyboard; name = Base; path = Base.lproj/LaunchScreen.storyboard; sourceTree = "<group>"; };
		757DB946202E1E8500CB9FF6 /* Info.plist */ = {isa = PBXFileReference; lastKnownFileType = text.plist.xml; path = Info.plist; sourceTree = "<group>"; };
		757DB94B202E1E8500CB9FF6 /* Roommate AppTests.xctest */ = {isa = PBXFileReference; explicitFileType = wrapper.cfbundle; includeInIndex = 0; path = "Roommate AppTests.xctest"; sourceTree = BUILT_PRODUCTS_DIR; };
		757DB94F202E1E8500CB9FF6 /* Roommate_AppTests.swift */ = {isa = PBXFileReference; lastKnownFileType = sourcecode.swift; path = Roommate_AppTests.swift; sourceTree = "<group>"; };
		757DB951202E1E8500CB9FF6 /* Info.plist */ = {isa = PBXFileReference; lastKnownFileType = text.plist.xml; path = Info.plist; sourceTree = "<group>"; };
		757DB956202E1E8500CB9FF6 /* Roommate AppUITests.xctest */ = {isa = PBXFileReference; explicitFileType = wrapper.cfbundle; includeInIndex = 0; path = "Roommate AppUITests.xctest"; sourceTree = BUILT_PRODUCTS_DIR; };
		757DB95A202E1E8500CB9FF6 /* Roommate_AppUITests.swift */ = {isa = PBXFileReference; lastKnownFileType = sourcecode.swift; path = Roommate_AppUITests.swift; sourceTree = "<group>"; };
		757DB95C202E1E8500CB9FF6 /* Info.plist */ = {isa = PBXFileReference; lastKnownFileType = text.plist.xml; path = Info.plist; sourceTree = "<group>"; };
		757DB96C20351F6F00CB9FF6 /* UserAccount.swift */ = {isa = PBXFileReference; lastKnownFileType = sourcecode.swift; path = UserAccount.swift; sourceTree = "<group>"; };
		757DB96E20351F8700CB9FF6 /* House.swift */ = {isa = PBXFileReference; lastKnownFileType = sourcecode.swift; path = House.swift; sourceTree = "<group>"; };
		757DB97020351F9600CB9FF6 /* Charge.swift */ = {isa = PBXFileReference; lastKnownFileType = sourcecode.swift; path = Charge.swift; sourceTree = "<group>"; };
		757DB9752035254300CB9FF6 /* RoommateApp-Bridging-Header.h */ = {isa = PBXFileReference; lastKnownFileType = sourcecode.c.h; path = "RoommateApp-Bridging-Header.h"; sourceTree = "<group>"; };
		758CF9F82060A1E800DA12E6 /* Notifications.swift */ = {isa = PBXFileReference; lastKnownFileType = sourcecode.swift; path = Notifications.swift; sourceTree = "<group>"; };
		758CF9FA2062BC8900DA12E6 /* FeedViewController.swift */ = {isa = PBXFileReference; indentWidth = 4; lastKnownFileType = sourcecode.swift; path = FeedViewController.swift; sourceTree = "<group>"; };
		758CF9FC207017A800DA12E6 /* BalanceViewController.swift */ = {isa = PBXFileReference; lastKnownFileType = sourcecode.swift; path = BalanceViewController.swift; sourceTree = "<group>"; };
		86E19C4A3A2C32ED03B1725F /* Pods-Roommate App.release.xcconfig */ = {isa = PBXFileReference; includeInIndex = 1; lastKnownFileType = text.xcconfig; name = "Pods-Roommate App.release.xcconfig"; path = "Pods/Target Support Files/Pods-Roommate App/Pods-Roommate App.release.xcconfig"; sourceTree = "<group>"; };
		883393E820339099003A4E2F /* GoogleService-Info.plist */ = {isa = PBXFileReference; fileEncoding = 4; lastKnownFileType = text.plist.xml; path = "GoogleService-Info.plist"; sourceTree = "<group>"; };
		888310DB2037848300E4F495 /* ReturnValue.swift */ = {isa = PBXFileReference; lastKnownFileType = sourcecode.swift; path = ReturnValue.swift; sourceTree = "<group>"; };
		88843D59203539BE00B05F1F /* DatabaseAccess.swift */ = {isa = PBXFileReference; lastKnownFileType = sourcecode.swift; path = DatabaseAccess.swift; sourceTree = "<group>"; };
		888C5285205F090700521B65 /* ImageStorage.swift */ = {isa = PBXFileReference; lastKnownFileType = sourcecode.swift; path = ImageStorage.swift; sourceTree = "<group>"; };
		888C5287205F119D00521B65 /* CompleteChore.storyboard */ = {isa = PBXFileReference; lastKnownFileType = file.storyboard; path = CompleteChore.storyboard; sourceTree = "<group>"; };
		888C5289205F12F200521B65 /* attributions.rtf */ = {isa = PBXFileReference; lastKnownFileType = text.rtf; path = attributions.rtf; sourceTree = "<group>"; };
		888C528D205F166B00521B65 /* CompleteChoreController.swift */ = {isa = PBXFileReference; lastKnownFileType = sourcecode.swift; path = CompleteChoreController.swift; sourceTree = "<group>"; };
		88984EE8206D67DF00E2E9E6 /* AddCharge.storyboard */ = {isa = PBXFileReference; lastKnownFileType = file.storyboard; path = AddCharge.storyboard; sourceTree = "<group>"; };
		88984EEC206D6E8800E2E9E6 /* CreateChargeController.swift */ = {isa = PBXFileReference; lastKnownFileType = sourcecode.swift; path = CreateChargeController.swift; sourceTree = "<group>"; };
		88D642A12063268200C30737 /* ChoreAJ.swift */ = {isa = PBXFileReference; lastKnownFileType = sourcecode.swift; path = ChoreAJ.swift; sourceTree = "<group>"; };
		88EDB7072037EEB800E35840 /* Roommate App.entitlements */ = {isa = PBXFileReference; lastKnownFileType = text.plist.entitlements; path = "Roommate App.entitlements"; sourceTree = "<group>"; };
		905CA2DF203CA65D0006077B /* HouseScreen.storyboard */ = {isa = PBXFileReference; lastKnownFileType = file.storyboard; path = HouseScreen.storyboard; sourceTree = "<group>"; };
		90F573C7203E3390001FBEC1 /* ProfileController.swift */ = {isa = PBXFileReference; lastKnownFileType = sourcecode.swift; path = ProfileController.swift; sourceTree = "<group>"; };
		90F573C9203E8B47001FBEC1 /* CurrentState.swift */ = {isa = PBXFileReference; lastKnownFileType = sourcecode.swift; path = CurrentState.swift; sourceTree = "<group>"; };
		90F573CB203F2AB7001FBEC1 /* UserProfileController.swift */ = {isa = PBXFileReference; lastKnownFileType = sourcecode.swift; path = UserProfileController.swift; sourceTree = "<group>"; };
		90F573CD203F4576001FBEC1 /* HouseProfileController.swift */ = {isa = PBXFileReference; lastKnownFileType = sourcecode.swift; path = HouseProfileController.swift; sourceTree = "<group>"; };
		C22EEAC5203B575800A3E19B /* AllHousesPageViewController.swift */ = {isa = PBXFileReference; lastKnownFileType = sourcecode.swift; path = AllHousesPageViewController.swift; sourceTree = "<group>"; };
		E76749C22838F6CD92FC03B3 /* Pods-Roommate AppUITests.debug.xcconfig */ = {isa = PBXFileReference; includeInIndex = 1; lastKnownFileType = text.xcconfig; name = "Pods-Roommate AppUITests.debug.xcconfig"; path = "Pods/Target Support Files/Pods-Roommate AppUITests/Pods-Roommate AppUITests.debug.xcconfig"; sourceTree = "<group>"; };
		F29DBBCD4E74A656CBD5988F /* Pods-Roommate App.debug.xcconfig */ = {isa = PBXFileReference; includeInIndex = 1; lastKnownFileType = text.xcconfig; name = "Pods-Roommate App.debug.xcconfig"; path = "Pods/Target Support Files/Pods-Roommate App/Pods-Roommate App.debug.xcconfig"; sourceTree = "<group>"; };
		FEEE1809648AB609172A7525 /* Pods_Roommate_AppTests.framework */ = {isa = PBXFileReference; explicitFileType = wrapper.framework; includeInIndex = 0; path = Pods_Roommate_AppTests.framework; sourceTree = BUILT_PRODUCTS_DIR; };
/* End PBXFileReference section */

/* Begin PBXFrameworksBuildPhase section */
		757DB934202E1E8500CB9FF6 /* Frameworks */ = {
			isa = PBXFrameworksBuildPhase;
			buildActionMask = 2147483647;
			files = (
				1FCCB49F527328F0524CAB6E /* Pods_Roommate_App.framework in Frameworks */,
			);
			runOnlyForDeploymentPostprocessing = 0;
		};
		757DB948202E1E8500CB9FF6 /* Frameworks */ = {
			isa = PBXFrameworksBuildPhase;
			buildActionMask = 2147483647;
			files = (
				DDDB8702CB170AFD719C4AAF /* Pods_Roommate_AppTests.framework in Frameworks */,
			);
			runOnlyForDeploymentPostprocessing = 0;
		};
		757DB953202E1E8500CB9FF6 /* Frameworks */ = {
			isa = PBXFrameworksBuildPhase;
			buildActionMask = 2147483647;
			files = (
				A6D6C88B9D3B8DEAE7928653 /* Pods_Roommate_AppUITests.framework in Frameworks */,
			);
			runOnlyForDeploymentPostprocessing = 0;
		};
/* End PBXFrameworksBuildPhase section */

/* Begin PBXGroup section */
		6026E0721A07997AEC063707 /* Pods */ = {
			isa = PBXGroup;
			children = (
				F29DBBCD4E74A656CBD5988F /* Pods-Roommate App.debug.xcconfig */,
				86E19C4A3A2C32ED03B1725F /* Pods-Roommate App.release.xcconfig */,
				2646D0BA8CEF18B5F27F2105 /* Pods-Roommate AppTests.debug.xcconfig */,
				17414706F0FBA05014F0330D /* Pods-Roommate AppTests.release.xcconfig */,
				E76749C22838F6CD92FC03B3 /* Pods-Roommate AppUITests.debug.xcconfig */,
				62205F9ED54CE6CDCD38CCFA /* Pods-Roommate AppUITests.release.xcconfig */,
			);
			name = Pods;
			sourceTree = "<group>";
		};
		757DB92E202E1E8500CB9FF6 = {
			isa = PBXGroup;
			children = (
				757DB939202E1E8500CB9FF6 /* Roommate App */,
				757DB94E202E1E8500CB9FF6 /* Roommate AppTests */,
				757DB959202E1E8500CB9FF6 /* Roommate AppUITests */,
				757DB938202E1E8500CB9FF6 /* Products */,
				6026E0721A07997AEC063707 /* Pods */,
				C314E14BB76D0EE89F7F9B5B /* Frameworks */,
			);
			sourceTree = "<group>";
		};
		757DB938202E1E8500CB9FF6 /* Products */ = {
			isa = PBXGroup;
			children = (
				757DB937202E1E8500CB9FF6 /* Roommate App.app */,
				757DB94B202E1E8500CB9FF6 /* Roommate AppTests.xctest */,
				757DB956202E1E8500CB9FF6 /* Roommate AppUITests.xctest */,
			);
			name = Products;
			sourceTree = "<group>";
		};
		757DB939202E1E8500CB9FF6 /* Roommate App */ = {
			isa = PBXGroup;
			children = (
				88EDB7072037EEB800E35840 /* Roommate App.entitlements */,
				757DB974203524F200CB9FF6 /* Supporting Files */,
				757DB96B20351F0B00CB9FF6 /* Layouts */,
				757DB96A20351F0500CB9FF6 /* Controllers */,
				757DB96820351ED000CB9FF6 /* Models */,
				757DB941202E1E8500CB9FF6 /* Assets.xcassets */,
				757DB93A202E1E8500CB9FF6 /* AppDelegate.swift */,
				883393E820339099003A4E2F /* GoogleService-Info.plist */,
				757DB946202E1E8500CB9FF6 /* Info.plist */,
			);
			path = "Roommate App";
			sourceTree = "<group>";
		};
		757DB94E202E1E8500CB9FF6 /* Roommate AppTests */ = {
			isa = PBXGroup;
			children = (
				757DB94F202E1E8500CB9FF6 /* Roommate_AppTests.swift */,
				757DB951202E1E8500CB9FF6 /* Info.plist */,
			);
			path = "Roommate AppTests";
			sourceTree = "<group>";
		};
		757DB959202E1E8500CB9FF6 /* Roommate AppUITests */ = {
			isa = PBXGroup;
			children = (
				757DB95A202E1E8500CB9FF6 /* Roommate_AppUITests.swift */,
				757DB95C202E1E8500CB9FF6 /* Info.plist */,
			);
			path = "Roommate AppUITests";
			sourceTree = "<group>";
		};
		757DB96820351ED000CB9FF6 /* Models */ = {
			isa = PBXGroup;
			children = (
				88843D59203539BE00B05F1F /* DatabaseAccess.swift */,
				757DB96C20351F6F00CB9FF6 /* UserAccount.swift */,
				757DB96E20351F8700CB9FF6 /* House.swift */,
				757DB97020351F9600CB9FF6 /* Charge.swift */,
				888310DB2037848300E4F495 /* ReturnValue.swift */,
				90F573C9203E8B47001FBEC1 /* CurrentState.swift */,
				758CF9F82060A1E800DA12E6 /* Notifications.swift */,
				88D642A12063268200C30737 /* ChoreAJ.swift */,
				888C5285205F090700521B65 /* ImageStorage.swift */,
				888C5289205F12F200521B65 /* attributions.rtf */,
			);
			path = Models;
			sourceTree = "<group>";
		};
		757DB96A20351F0500CB9FF6 /* Controllers */ = {
			isa = PBXGroup;
			children = (
				757DB93C202E1E8500CB9FF6 /* ViewController.swift */,
				C22EEAC5203B575800A3E19B /* AllHousesPageViewController.swift */,
				3745D50A205CD57600227F97 /* ChoreViewController.swift */,
				37DB6BA8203F3639006C296C /* CreateHouseViewController.swift */,
				90F573C7203E3390001FBEC1 /* ProfileController.swift */,
				3745D508205CD54900227F97 /* CreateChoreViewController.swift */,
				90F573CB203F2AB7001FBEC1 /* UserProfileController.swift */,
				3745D504205CCD3300227F97 /* ChoreListViewController.swift */,
				758CF9FA2062BC8900DA12E6 /* FeedViewController.swift */,
				90F573CD203F4576001FBEC1 /* HouseProfileController.swift */,
				888C528D205F166B00521B65 /* CompleteChoreController.swift */,
				758CF9FC207017A800DA12E6 /* BalanceViewController.swift */,
				88984EEC206D6E8800E2E9E6 /* CreateChargeController.swift */,
				37D894562073F3C800C961D6 /* HousematesViewController.swift */,
			);
			path = Controllers;
			sourceTree = "<group>";
		};
		757DB96B20351F0B00CB9FF6 /* Layouts */ = {
			isa = PBXGroup;
			children = (
				757DB93E202E1E8500CB9FF6 /* Main.storyboard */,
				757DB943202E1E8500CB9FF6 /* LaunchScreen.storyboard */,
				905CA2DF203CA65D0006077B /* HouseScreen.storyboard */,
				888C5287205F119D00521B65 /* CompleteChore.storyboard */,
				88984EE8206D67DF00E2E9E6 /* AddCharge.storyboard */,
			);
			path = Layouts;
			sourceTree = "<group>";
		};
		757DB974203524F200CB9FF6 /* Supporting Files */ = {
			isa = PBXGroup;
			children = (
				757DB9752035254300CB9FF6 /* RoommateApp-Bridging-Header.h */,
			);
			path = "Supporting Files";
			sourceTree = "<group>";
		};
		C314E14BB76D0EE89F7F9B5B /* Frameworks */ = {
			isa = PBXGroup;
			children = (
				16550E7F61CB9ED99C045D87 /* Pods_Roommate_App.framework */,
				FEEE1809648AB609172A7525 /* Pods_Roommate_AppTests.framework */,
				54E718FC3D196C2913529BAF /* Pods_Roommate_AppUITests.framework */,
			);
			name = Frameworks;
			sourceTree = "<group>";
		};
/* End PBXGroup section */

/* Begin PBXNativeTarget section */
		757DB936202E1E8500CB9FF6 /* Roommate App */ = {
			isa = PBXNativeTarget;
			buildConfigurationList = 757DB95F202E1E8500CB9FF6 /* Build configuration list for PBXNativeTarget "Roommate App" */;
			buildPhases = (
				751808E6BDC6D07C75CB7EA2 /* [CP] Check Pods Manifest.lock */,
				757DB933202E1E8500CB9FF6 /* Sources */,
				757DB934202E1E8500CB9FF6 /* Frameworks */,
				757DB935202E1E8500CB9FF6 /* Resources */,
				9EE1DB74852DCC644827E014 /* [CP] Embed Pods Frameworks */,
				B922A38C5F6FE57A74FC52D2 /* [CP] Copy Pods Resources */,
			);
			buildRules = (
			);
			dependencies = (
			);
			name = "Roommate App";
			productName = "Roommate App";
			productReference = 757DB937202E1E8500CB9FF6 /* Roommate App.app */;
			productType = "com.apple.product-type.application";
		};
		757DB94A202E1E8500CB9FF6 /* Roommate AppTests */ = {
			isa = PBXNativeTarget;
			buildConfigurationList = 757DB962202E1E8500CB9FF6 /* Build configuration list for PBXNativeTarget "Roommate AppTests" */;
			buildPhases = (
				DC7EBA7E2515C777CB9913F4 /* [CP] Check Pods Manifest.lock */,
				757DB947202E1E8500CB9FF6 /* Sources */,
				757DB948202E1E8500CB9FF6 /* Frameworks */,
				757DB949202E1E8500CB9FF6 /* Resources */,
				43246E8AFE3D08107153866E /* [CP] Embed Pods Frameworks */,
				17C79C3CA320974C3C1842C5 /* [CP] Copy Pods Resources */,
			);
			buildRules = (
			);
			dependencies = (
				757DB94D202E1E8500CB9FF6 /* PBXTargetDependency */,
			);
			name = "Roommate AppTests";
			productName = "Roommate AppTests";
			productReference = 757DB94B202E1E8500CB9FF6 /* Roommate AppTests.xctest */;
			productType = "com.apple.product-type.bundle.unit-test";
		};
		757DB955202E1E8500CB9FF6 /* Roommate AppUITests */ = {
			isa = PBXNativeTarget;
			buildConfigurationList = 757DB965202E1E8500CB9FF6 /* Build configuration list for PBXNativeTarget "Roommate AppUITests" */;
			buildPhases = (
				F15BA3A495D85E551E53273E /* [CP] Check Pods Manifest.lock */,
				757DB952202E1E8500CB9FF6 /* Sources */,
				757DB953202E1E8500CB9FF6 /* Frameworks */,
				757DB954202E1E8500CB9FF6 /* Resources */,
				DCFBB100BB781D3D16698156 /* [CP] Embed Pods Frameworks */,
				CD3E2F5202566C7578429C1A /* [CP] Copy Pods Resources */,
			);
			buildRules = (
			);
			dependencies = (
				757DB958202E1E8500CB9FF6 /* PBXTargetDependency */,
			);
			name = "Roommate AppUITests";
			productName = "Roommate AppUITests";
			productReference = 757DB956202E1E8500CB9FF6 /* Roommate AppUITests.xctest */;
			productType = "com.apple.product-type.bundle.ui-testing";
		};
/* End PBXNativeTarget section */

/* Begin PBXProject section */
		757DB92F202E1E8500CB9FF6 /* Project object */ = {
			isa = PBXProject;
			attributes = {
				LastSwiftUpdateCheck = 0920;
				LastUpgradeCheck = 0920;
				ORGANIZATIONNAME = "Team 20";
				TargetAttributes = {
					757DB936202E1E8500CB9FF6 = {
						CreatedOnToolsVersion = 9.2;
						ProvisioningStyle = Automatic;
						SystemCapabilities = {
							com.apple.BackgroundModes = {
								enabled = 0;
							};
							com.apple.Keychain = {
								enabled = 1;
							};
						};
					};
					757DB94A202E1E8500CB9FF6 = {
						CreatedOnToolsVersion = 9.2;
						ProvisioningStyle = Automatic;
						TestTargetID = 757DB936202E1E8500CB9FF6;
					};
					757DB955202E1E8500CB9FF6 = {
						CreatedOnToolsVersion = 9.2;
						ProvisioningStyle = Automatic;
						TestTargetID = 757DB936202E1E8500CB9FF6;
					};
				};
			};
			buildConfigurationList = 757DB932202E1E8500CB9FF6 /* Build configuration list for PBXProject "Roommate App" */;
			compatibilityVersion = "Xcode 8.0";
			developmentRegion = en;
			hasScannedForEncodings = 0;
			knownRegions = (
				en,
				Base,
			);
			mainGroup = 757DB92E202E1E8500CB9FF6;
			productRefGroup = 757DB938202E1E8500CB9FF6 /* Products */;
			projectDirPath = "";
			projectRoot = "";
			targets = (
				757DB936202E1E8500CB9FF6 /* Roommate App */,
				757DB94A202E1E8500CB9FF6 /* Roommate AppTests */,
				757DB955202E1E8500CB9FF6 /* Roommate AppUITests */,
			);
		};
/* End PBXProject section */

/* Begin PBXResourcesBuildPhase section */
		757DB935202E1E8500CB9FF6 /* Resources */ = {
			isa = PBXResourcesBuildPhase;
			buildActionMask = 2147483647;
			files = (
				757DB945202E1E8500CB9FF6 /* LaunchScreen.storyboard in Resources */,
				883393E920339099003A4E2F /* GoogleService-Info.plist in Resources */,
				905CA2E0203CA65D0006077B /* HouseScreen.storyboard in Resources */,
				888C528A205F12F200521B65 /* attributions.rtf in Resources */,
				888C5288205F119D00521B65 /* CompleteChore.storyboard in Resources */,
				757DB942202E1E8500CB9FF6 /* Assets.xcassets in Resources */,
				88984EE9206D67DF00E2E9E6 /* AddCharge.storyboard in Resources */,
				757DB940202E1E8500CB9FF6 /* Main.storyboard in Resources */,
			);
			runOnlyForDeploymentPostprocessing = 0;
		};
		757DB949202E1E8500CB9FF6 /* Resources */ = {
			isa = PBXResourcesBuildPhase;
			buildActionMask = 2147483647;
			files = (
				883393EA20339099003A4E2F /* GoogleService-Info.plist in Resources */,
			);
			runOnlyForDeploymentPostprocessing = 0;
		};
		757DB954202E1E8500CB9FF6 /* Resources */ = {
			isa = PBXResourcesBuildPhase;
			buildActionMask = 2147483647;
			files = (
				883393EB20339099003A4E2F /* GoogleService-Info.plist in Resources */,
			);
			runOnlyForDeploymentPostprocessing = 0;
		};
/* End PBXResourcesBuildPhase section */

/* Begin PBXShellScriptBuildPhase section */
		17C79C3CA320974C3C1842C5 /* [CP] Copy Pods Resources */ = {
			isa = PBXShellScriptBuildPhase;
			buildActionMask = 2147483647;
			files = (
			);
			inputPaths = (
			);
			name = "[CP] Copy Pods Resources";
			outputPaths = (
			);
			runOnlyForDeploymentPostprocessing = 0;
			shellPath = /bin/sh;
			shellScript = "\"${SRCROOT}/Pods/Target Support Files/Pods-Roommate AppTests/Pods-Roommate AppTests-resources.sh\"\n";
			showEnvVarsInLog = 0;
		};
		43246E8AFE3D08107153866E /* [CP] Embed Pods Frameworks */ = {
			isa = PBXShellScriptBuildPhase;
			buildActionMask = 2147483647;
			files = (
			);
			inputPaths = (
			);
			name = "[CP] Embed Pods Frameworks";
			outputPaths = (
			);
			runOnlyForDeploymentPostprocessing = 0;
			shellPath = /bin/sh;
			shellScript = "\"${SRCROOT}/Pods/Target Support Files/Pods-Roommate AppTests/Pods-Roommate AppTests-frameworks.sh\"\n";
			showEnvVarsInLog = 0;
		};
		751808E6BDC6D07C75CB7EA2 /* [CP] Check Pods Manifest.lock */ = {
			isa = PBXShellScriptBuildPhase;
			buildActionMask = 2147483647;
			files = (
			);
			inputPaths = (
				"${PODS_PODFILE_DIR_PATH}/Podfile.lock",
				"${PODS_ROOT}/Manifest.lock",
			);
			name = "[CP] Check Pods Manifest.lock";
			outputPaths = (
				"$(DERIVED_FILE_DIR)/Pods-Roommate App-checkManifestLockResult.txt",
			);
			runOnlyForDeploymentPostprocessing = 0;
			shellPath = /bin/sh;
			shellScript = "diff \"${PODS_PODFILE_DIR_PATH}/Podfile.lock\" \"${PODS_ROOT}/Manifest.lock\" > /dev/null\nif [ $? != 0 ] ; then\n    # print error to STDERR\n    echo \"error: The sandbox is not in sync with the Podfile.lock. Run 'pod install' or update your CocoaPods installation.\" >&2\n    exit 1\nfi\n# This output is used by Xcode 'outputs' to avoid re-running this script phase.\necho \"SUCCESS\" > \"${SCRIPT_OUTPUT_FILE_0}\"\n";
			showEnvVarsInLog = 0;
		};
		9EE1DB74852DCC644827E014 /* [CP] Embed Pods Frameworks */ = {
			isa = PBXShellScriptBuildPhase;
			buildActionMask = 2147483647;
			files = (
			);
			inputPaths = (
				"${SRCROOT}/Pods/Target Support Files/Pods-Roommate App/Pods-Roommate App-frameworks.sh",
				"${BUILT_PRODUCTS_DIR}/GTMSessionFetcher/GTMSessionFetcher.framework",
				"${BUILT_PRODUCTS_DIR}/GoogleToolboxForMac/GoogleToolboxForMac.framework",
				"${BUILT_PRODUCTS_DIR}/leveldb-library/leveldb.framework",
				"${BUILT_PRODUCTS_DIR}/nanopb/nanopb.framework",
			);
			name = "[CP] Embed Pods Frameworks";
			outputPaths = (
				"${TARGET_BUILD_DIR}/${FRAMEWORKS_FOLDER_PATH}/GTMSessionFetcher.framework",
				"${TARGET_BUILD_DIR}/${FRAMEWORKS_FOLDER_PATH}/GoogleToolboxForMac.framework",
				"${TARGET_BUILD_DIR}/${FRAMEWORKS_FOLDER_PATH}/leveldb.framework",
				"${TARGET_BUILD_DIR}/${FRAMEWORKS_FOLDER_PATH}/nanopb.framework",
			);
			runOnlyForDeploymentPostprocessing = 0;
			shellPath = /bin/sh;
			shellScript = "\"${SRCROOT}/Pods/Target Support Files/Pods-Roommate App/Pods-Roommate App-frameworks.sh\"\n";
			showEnvVarsInLog = 0;
		};
		B922A38C5F6FE57A74FC52D2 /* [CP] Copy Pods Resources */ = {
			isa = PBXShellScriptBuildPhase;
			buildActionMask = 2147483647;
			files = (
			);
			inputPaths = (
				"${SRCROOT}/Pods/Target Support Files/Pods-Roommate App/Pods-Roommate App-resources.sh",
				"${PODS_CONFIGURATION_BUILD_DIR}/FirebaseUI/FirebaseAuthUI.bundle",
			);
			name = "[CP] Copy Pods Resources";
			outputPaths = (
				"${TARGET_BUILD_DIR}/${UNLOCALIZED_RESOURCES_FOLDER_PATH}/FirebaseAuthUI.bundle",
			);
			runOnlyForDeploymentPostprocessing = 0;
			shellPath = /bin/sh;
			shellScript = "\"${SRCROOT}/Pods/Target Support Files/Pods-Roommate App/Pods-Roommate App-resources.sh\"\n";
			showEnvVarsInLog = 0;
		};
		CD3E2F5202566C7578429C1A /* [CP] Copy Pods Resources */ = {
			isa = PBXShellScriptBuildPhase;
			buildActionMask = 2147483647;
			files = (
			);
			inputPaths = (
			);
			name = "[CP] Copy Pods Resources";
			outputPaths = (
			);
			runOnlyForDeploymentPostprocessing = 0;
			shellPath = /bin/sh;
			shellScript = "\"${SRCROOT}/Pods/Target Support Files/Pods-Roommate AppUITests/Pods-Roommate AppUITests-resources.sh\"\n";
			showEnvVarsInLog = 0;
		};
		DC7EBA7E2515C777CB9913F4 /* [CP] Check Pods Manifest.lock */ = {
			isa = PBXShellScriptBuildPhase;
			buildActionMask = 2147483647;
			files = (
			);
			inputPaths = (
				"${PODS_PODFILE_DIR_PATH}/Podfile.lock",
				"${PODS_ROOT}/Manifest.lock",
			);
			name = "[CP] Check Pods Manifest.lock";
			outputPaths = (
				"$(DERIVED_FILE_DIR)/Pods-Roommate AppTests-checkManifestLockResult.txt",
			);
			runOnlyForDeploymentPostprocessing = 0;
			shellPath = /bin/sh;
			shellScript = "diff \"${PODS_PODFILE_DIR_PATH}/Podfile.lock\" \"${PODS_ROOT}/Manifest.lock\" > /dev/null\nif [ $? != 0 ] ; then\n    # print error to STDERR\n    echo \"error: The sandbox is not in sync with the Podfile.lock. Run 'pod install' or update your CocoaPods installation.\" >&2\n    exit 1\nfi\n# This output is used by Xcode 'outputs' to avoid re-running this script phase.\necho \"SUCCESS\" > \"${SCRIPT_OUTPUT_FILE_0}\"\n";
			showEnvVarsInLog = 0;
		};
		DCFBB100BB781D3D16698156 /* [CP] Embed Pods Frameworks */ = {
			isa = PBXShellScriptBuildPhase;
			buildActionMask = 2147483647;
			files = (
			);
			inputPaths = (
			);
			name = "[CP] Embed Pods Frameworks";
			outputPaths = (
			);
			runOnlyForDeploymentPostprocessing = 0;
			shellPath = /bin/sh;
			shellScript = "\"${SRCROOT}/Pods/Target Support Files/Pods-Roommate AppUITests/Pods-Roommate AppUITests-frameworks.sh\"\n";
			showEnvVarsInLog = 0;
		};
		F15BA3A495D85E551E53273E /* [CP] Check Pods Manifest.lock */ = {
			isa = PBXShellScriptBuildPhase;
			buildActionMask = 2147483647;
			files = (
			);
			inputPaths = (
				"${PODS_PODFILE_DIR_PATH}/Podfile.lock",
				"${PODS_ROOT}/Manifest.lock",
			);
			name = "[CP] Check Pods Manifest.lock";
			outputPaths = (
				"$(DERIVED_FILE_DIR)/Pods-Roommate AppUITests-checkManifestLockResult.txt",
			);
			runOnlyForDeploymentPostprocessing = 0;
			shellPath = /bin/sh;
			shellScript = "diff \"${PODS_PODFILE_DIR_PATH}/Podfile.lock\" \"${PODS_ROOT}/Manifest.lock\" > /dev/null\nif [ $? != 0 ] ; then\n    # print error to STDERR\n    echo \"error: The sandbox is not in sync with the Podfile.lock. Run 'pod install' or update your CocoaPods installation.\" >&2\n    exit 1\nfi\n# This output is used by Xcode 'outputs' to avoid re-running this script phase.\necho \"SUCCESS\" > \"${SCRIPT_OUTPUT_FILE_0}\"\n";
			showEnvVarsInLog = 0;
		};
/* End PBXShellScriptBuildPhase section */

/* Begin PBXSourcesBuildPhase section */
		757DB933202E1E8500CB9FF6 /* Sources */ = {
			isa = PBXSourcesBuildPhase;
			buildActionMask = 2147483647;
			files = (
				757DB93D202E1E8500CB9FF6 /* ViewController.swift in Sources */,
				758CF9F92060A1E800DA12E6 /* Notifications.swift in Sources */,
				758CF9FB2062BC8900DA12E6 /* FeedViewController.swift in Sources */,
				C22EEAC6203B575800A3E19B /* AllHousesPageViewController.swift in Sources */,
				90F573CC203F2AB7001FBEC1 /* UserProfileController.swift in Sources */,
				757DB93B202E1E8500CB9FF6 /* AppDelegate.swift in Sources */,
				88984EED206D6E8800E2E9E6 /* CreateChargeController.swift in Sources */,
				90F573CE203F4576001FBEC1 /* HouseProfileController.swift in Sources */,
				888C528E205F166C00521B65 /* CompleteChoreController.swift in Sources */,
				757DB97120351F9600CB9FF6 /* Charge.swift in Sources */,
				37D894572073F3C800C961D6 /* HousematesViewController.swift in Sources */,
				888C5286205F090700521B65 /* ImageStorage.swift in Sources */,
				37DB6BA9203F3639006C296C /* CreateHouseViewController.swift in Sources */,
				88D642A22063268200C30737 /* ChoreAJ.swift in Sources */,
				90F573CA203E8B47001FBEC1 /* CurrentState.swift in Sources */,
				3745D509205CD54900227F97 /* CreateChoreViewController.swift in Sources */,
				3745D505205CCD3300227F97 /* ChoreListViewController.swift in Sources */,
				90F573C8203E3390001FBEC1 /* ProfileController.swift in Sources */,
				757DB96F20351F8700CB9FF6 /* House.swift in Sources */,
				3745D50B205CD57600227F97 /* ChoreViewController.swift in Sources */,
				88843D5A203539BE00B05F1F /* DatabaseAccess.swift in Sources */,
				758CF9FD207017A800DA12E6 /* BalanceViewController.swift in Sources */,
				888310DC2037848300E4F495 /* ReturnValue.swift in Sources */,
				757DB96D20351F6F00CB9FF6 /* UserAccount.swift in Sources */,
			);
			runOnlyForDeploymentPostprocessing = 0;
		};
		757DB947202E1E8500CB9FF6 /* Sources */ = {
			isa = PBXSourcesBuildPhase;
			buildActionMask = 2147483647;
			files = (
				757DB950202E1E8500CB9FF6 /* Roommate_AppTests.swift in Sources */,
			);
			runOnlyForDeploymentPostprocessing = 0;
		};
		757DB952202E1E8500CB9FF6 /* Sources */ = {
			isa = PBXSourcesBuildPhase;
			buildActionMask = 2147483647;
			files = (
				757DB95B202E1E8500CB9FF6 /* Roommate_AppUITests.swift in Sources */,
			);
			runOnlyForDeploymentPostprocessing = 0;
		};
/* End PBXSourcesBuildPhase section */

/* Begin PBXTargetDependency section */
		757DB94D202E1E8500CB9FF6 /* PBXTargetDependency */ = {
			isa = PBXTargetDependency;
			target = 757DB936202E1E8500CB9FF6 /* Roommate App */;
			targetProxy = 757DB94C202E1E8500CB9FF6 /* PBXContainerItemProxy */;
		};
		757DB958202E1E8500CB9FF6 /* PBXTargetDependency */ = {
			isa = PBXTargetDependency;
			target = 757DB936202E1E8500CB9FF6 /* Roommate App */;
			targetProxy = 757DB957202E1E8500CB9FF6 /* PBXContainerItemProxy */;
		};
/* End PBXTargetDependency section */

/* Begin PBXVariantGroup section */
		757DB93E202E1E8500CB9FF6 /* Main.storyboard */ = {
			isa = PBXVariantGroup;
			children = (
				757DB93F202E1E8500CB9FF6 /* Base */,
			);
			name = Main.storyboard;
			sourceTree = "<group>";
		};
		757DB943202E1E8500CB9FF6 /* LaunchScreen.storyboard */ = {
			isa = PBXVariantGroup;
			children = (
				757DB944202E1E8500CB9FF6 /* Base */,
			);
			name = LaunchScreen.storyboard;
			sourceTree = "<group>";
		};
/* End PBXVariantGroup section */

/* Begin XCBuildConfiguration section */
		757DB95D202E1E8500CB9FF6 /* Debug */ = {
			isa = XCBuildConfiguration;
			buildSettings = {
				ALWAYS_SEARCH_USER_PATHS = NO;
				CLANG_ANALYZER_NONNULL = YES;
				CLANG_ANALYZER_NUMBER_OBJECT_CONVERSION = YES_AGGRESSIVE;
				CLANG_CXX_LANGUAGE_STANDARD = "gnu++14";
				CLANG_CXX_LIBRARY = "libc++";
				CLANG_ENABLE_MODULES = YES;
				CLANG_ENABLE_OBJC_ARC = YES;
				CLANG_WARN_BLOCK_CAPTURE_AUTORELEASING = YES;
				CLANG_WARN_BOOL_CONVERSION = YES;
				CLANG_WARN_COMMA = YES;
				CLANG_WARN_CONSTANT_CONVERSION = YES;
				CLANG_WARN_DIRECT_OBJC_ISA_USAGE = YES_ERROR;
				CLANG_WARN_DOCUMENTATION_COMMENTS = YES;
				CLANG_WARN_EMPTY_BODY = YES;
				CLANG_WARN_ENUM_CONVERSION = YES;
				CLANG_WARN_INFINITE_RECURSION = YES;
				CLANG_WARN_INT_CONVERSION = YES;
				CLANG_WARN_NON_LITERAL_NULL_CONVERSION = YES;
				CLANG_WARN_OBJC_LITERAL_CONVERSION = YES;
				CLANG_WARN_OBJC_ROOT_CLASS = YES_ERROR;
				CLANG_WARN_RANGE_LOOP_ANALYSIS = YES;
				CLANG_WARN_STRICT_PROTOTYPES = YES;
				CLANG_WARN_SUSPICIOUS_MOVE = YES;
				CLANG_WARN_UNGUARDED_AVAILABILITY = YES_AGGRESSIVE;
				CLANG_WARN_UNREACHABLE_CODE = YES;
				CLANG_WARN__DUPLICATE_METHOD_MATCH = YES;
				CODE_SIGN_IDENTITY = "iPhone Developer";
				COPY_PHASE_STRIP = NO;
				DEBUG_INFORMATION_FORMAT = dwarf;
				ENABLE_STRICT_OBJC_MSGSEND = YES;
				ENABLE_TESTABILITY = YES;
				GCC_C_LANGUAGE_STANDARD = gnu11;
				GCC_DYNAMIC_NO_PIC = NO;
				GCC_NO_COMMON_BLOCKS = YES;
				GCC_OPTIMIZATION_LEVEL = 0;
				GCC_PREPROCESSOR_DEFINITIONS = (
					"DEBUG=1",
					"$(inherited)",
				);
				GCC_WARN_64_TO_32_BIT_CONVERSION = YES;
				GCC_WARN_ABOUT_RETURN_TYPE = YES_ERROR;
				GCC_WARN_UNDECLARED_SELECTOR = YES;
				GCC_WARN_UNINITIALIZED_AUTOS = YES_AGGRESSIVE;
				GCC_WARN_UNUSED_FUNCTION = YES;
				GCC_WARN_UNUSED_VARIABLE = YES;
				IPHONEOS_DEPLOYMENT_TARGET = 11.2;
				MTL_ENABLE_DEBUG_INFO = YES;
				ONLY_ACTIVE_ARCH = YES;
				SDKROOT = iphoneos;
				SWIFT_ACTIVE_COMPILATION_CONDITIONS = DEBUG;
				SWIFT_OPTIMIZATION_LEVEL = "-Onone";
			};
			name = Debug;
		};
		757DB95E202E1E8500CB9FF6 /* Release */ = {
			isa = XCBuildConfiguration;
			buildSettings = {
				ALWAYS_SEARCH_USER_PATHS = NO;
				CLANG_ANALYZER_NONNULL = YES;
				CLANG_ANALYZER_NUMBER_OBJECT_CONVERSION = YES_AGGRESSIVE;
				CLANG_CXX_LANGUAGE_STANDARD = "gnu++14";
				CLANG_CXX_LIBRARY = "libc++";
				CLANG_ENABLE_MODULES = YES;
				CLANG_ENABLE_OBJC_ARC = YES;
				CLANG_WARN_BLOCK_CAPTURE_AUTORELEASING = YES;
				CLANG_WARN_BOOL_CONVERSION = YES;
				CLANG_WARN_COMMA = YES;
				CLANG_WARN_CONSTANT_CONVERSION = YES;
				CLANG_WARN_DIRECT_OBJC_ISA_USAGE = YES_ERROR;
				CLANG_WARN_DOCUMENTATION_COMMENTS = YES;
				CLANG_WARN_EMPTY_BODY = YES;
				CLANG_WARN_ENUM_CONVERSION = YES;
				CLANG_WARN_INFINITE_RECURSION = YES;
				CLANG_WARN_INT_CONVERSION = YES;
				CLANG_WARN_NON_LITERAL_NULL_CONVERSION = YES;
				CLANG_WARN_OBJC_LITERAL_CONVERSION = YES;
				CLANG_WARN_OBJC_ROOT_CLASS = YES_ERROR;
				CLANG_WARN_RANGE_LOOP_ANALYSIS = YES;
				CLANG_WARN_STRICT_PROTOTYPES = YES;
				CLANG_WARN_SUSPICIOUS_MOVE = YES;
				CLANG_WARN_UNGUARDED_AVAILABILITY = YES_AGGRESSIVE;
				CLANG_WARN_UNREACHABLE_CODE = YES;
				CLANG_WARN__DUPLICATE_METHOD_MATCH = YES;
				CODE_SIGN_IDENTITY = "iPhone Developer";
				COPY_PHASE_STRIP = NO;
				DEBUG_INFORMATION_FORMAT = "dwarf-with-dsym";
				ENABLE_NS_ASSERTIONS = NO;
				ENABLE_STRICT_OBJC_MSGSEND = YES;
				GCC_C_LANGUAGE_STANDARD = gnu11;
				GCC_NO_COMMON_BLOCKS = YES;
				GCC_WARN_64_TO_32_BIT_CONVERSION = YES;
				GCC_WARN_ABOUT_RETURN_TYPE = YES_ERROR;
				GCC_WARN_UNDECLARED_SELECTOR = YES;
				GCC_WARN_UNINITIALIZED_AUTOS = YES_AGGRESSIVE;
				GCC_WARN_UNUSED_FUNCTION = YES;
				GCC_WARN_UNUSED_VARIABLE = YES;
				IPHONEOS_DEPLOYMENT_TARGET = 11.2;
				MTL_ENABLE_DEBUG_INFO = NO;
				SDKROOT = iphoneos;
				SWIFT_OPTIMIZATION_LEVEL = "-Owholemodule";
				VALIDATE_PRODUCT = YES;
			};
			name = Release;
		};
		757DB960202E1E8500CB9FF6 /* Debug */ = {
			isa = XCBuildConfiguration;
			baseConfigurationReference = F29DBBCD4E74A656CBD5988F /* Pods-Roommate App.debug.xcconfig */;
			buildSettings = {
				ASSETCATALOG_COMPILER_APPICON_NAME = AppIcon;
				CODE_SIGN_ENTITLEMENTS = "Roommate App/Roommate App.entitlements";
				CODE_SIGN_STYLE = Automatic;
				DEVELOPMENT_TEAM = UJAGDF8MUV;
				INFOPLIST_FILE = "Roommate App/Info.plist";
				LD_RUNPATH_SEARCH_PATHS = "$(inherited) @executable_path/Frameworks";
				PRODUCT_BUNDLE_IDENTIFIER = "edu.upenn.cis350.hwk2.Roommate-App";
				PRODUCT_NAME = "$(TARGET_NAME)";
				SWIFT_VERSION = 4.0;
				TARGETED_DEVICE_FAMILY = "1,2";
			};
			name = Debug;
		};
		757DB961202E1E8500CB9FF6 /* Release */ = {
			isa = XCBuildConfiguration;
			baseConfigurationReference = 86E19C4A3A2C32ED03B1725F /* Pods-Roommate App.release.xcconfig */;
			buildSettings = {
				ASSETCATALOG_COMPILER_APPICON_NAME = AppIcon;
				CODE_SIGN_ENTITLEMENTS = "Roommate App/Roommate App.entitlements";
				CODE_SIGN_STYLE = Automatic;
				DEVELOPMENT_TEAM = UJAGDF8MUV;
				INFOPLIST_FILE = "Roommate App/Info.plist";
				LD_RUNPATH_SEARCH_PATHS = "$(inherited) @executable_path/Frameworks";
				PRODUCT_BUNDLE_IDENTIFIER = "edu.upenn.cis350.hwk2.Roommate-App";
				PRODUCT_NAME = "$(TARGET_NAME)";
				SWIFT_VERSION = 4.0;
				TARGETED_DEVICE_FAMILY = "1,2";
			};
			name = Release;
		};
		757DB963202E1E8500CB9FF6 /* Debug */ = {
			isa = XCBuildConfiguration;
			baseConfigurationReference = 2646D0BA8CEF18B5F27F2105 /* Pods-Roommate AppTests.debug.xcconfig */;
			buildSettings = {
				ALWAYS_EMBED_SWIFT_STANDARD_LIBRARIES = YES;
				BUNDLE_LOADER = "$(TEST_HOST)";
				CODE_SIGN_STYLE = Automatic;
				INFOPLIST_FILE = "Roommate AppTests/Info.plist";
				LD_RUNPATH_SEARCH_PATHS = "$(inherited) @executable_path/Frameworks @loader_path/Frameworks";
				PRODUCT_BUNDLE_IDENTIFIER = "edu.upenn.cis350.hwk2.Roommate-AppTests";
				PRODUCT_NAME = "$(TARGET_NAME)";
				SWIFT_VERSION = 4.0;
				TARGETED_DEVICE_FAMILY = "1,2";
				TEST_HOST = "$(BUILT_PRODUCTS_DIR)/Roommate App.app/Roommate App";
			};
			name = Debug;
		};
		757DB964202E1E8500CB9FF6 /* Release */ = {
			isa = XCBuildConfiguration;
			baseConfigurationReference = 17414706F0FBA05014F0330D /* Pods-Roommate AppTests.release.xcconfig */;
			buildSettings = {
				ALWAYS_EMBED_SWIFT_STANDARD_LIBRARIES = YES;
				BUNDLE_LOADER = "$(TEST_HOST)";
				CODE_SIGN_STYLE = Automatic;
				INFOPLIST_FILE = "Roommate AppTests/Info.plist";
				LD_RUNPATH_SEARCH_PATHS = "$(inherited) @executable_path/Frameworks @loader_path/Frameworks";
				PRODUCT_BUNDLE_IDENTIFIER = "edu.upenn.cis350.hwk2.Roommate-AppTests";
				PRODUCT_NAME = "$(TARGET_NAME)";
				SWIFT_VERSION = 4.0;
				TARGETED_DEVICE_FAMILY = "1,2";
				TEST_HOST = "$(BUILT_PRODUCTS_DIR)/Roommate App.app/Roommate App";
			};
			name = Release;
		};
		757DB966202E1E8500CB9FF6 /* Debug */ = {
			isa = XCBuildConfiguration;
			baseConfigurationReference = E76749C22838F6CD92FC03B3 /* Pods-Roommate AppUITests.debug.xcconfig */;
			buildSettings = {
				ALWAYS_EMBED_SWIFT_STANDARD_LIBRARIES = YES;
				CODE_SIGN_STYLE = Automatic;
				INFOPLIST_FILE = "Roommate AppUITests/Info.plist";
				LD_RUNPATH_SEARCH_PATHS = "$(inherited) @executable_path/Frameworks @loader_path/Frameworks";
				PRODUCT_BUNDLE_IDENTIFIER = "edu.upenn.cis350.hwk2.Roommate-AppUITests";
				PRODUCT_NAME = "$(TARGET_NAME)";
				SWIFT_VERSION = 4.0;
				TARGETED_DEVICE_FAMILY = "1,2";
				TEST_TARGET_NAME = "Roommate App";
			};
			name = Debug;
		};
		757DB967202E1E8500CB9FF6 /* Release */ = {
			isa = XCBuildConfiguration;
			baseConfigurationReference = 62205F9ED54CE6CDCD38CCFA /* Pods-Roommate AppUITests.release.xcconfig */;
			buildSettings = {
				ALWAYS_EMBED_SWIFT_STANDARD_LIBRARIES = YES;
				CODE_SIGN_STYLE = Automatic;
				INFOPLIST_FILE = "Roommate AppUITests/Info.plist";
				LD_RUNPATH_SEARCH_PATHS = "$(inherited) @executable_path/Frameworks @loader_path/Frameworks";
				PRODUCT_BUNDLE_IDENTIFIER = "edu.upenn.cis350.hwk2.Roommate-AppUITests";
				PRODUCT_NAME = "$(TARGET_NAME)";
				SWIFT_VERSION = 4.0;
				TARGETED_DEVICE_FAMILY = "1,2";
				TEST_TARGET_NAME = "Roommate App";
			};
			name = Release;
		};
/* End XCBuildConfiguration section */

/* Begin XCConfigurationList section */
		757DB932202E1E8500CB9FF6 /* Build configuration list for PBXProject "Roommate App" */ = {
			isa = XCConfigurationList;
			buildConfigurations = (
				757DB95D202E1E8500CB9FF6 /* Debug */,
				757DB95E202E1E8500CB9FF6 /* Release */,
			);
			defaultConfigurationIsVisible = 0;
			defaultConfigurationName = Release;
		};
		757DB95F202E1E8500CB9FF6 /* Build configuration list for PBXNativeTarget "Roommate App" */ = {
			isa = XCConfigurationList;
			buildConfigurations = (
				757DB960202E1E8500CB9FF6 /* Debug */,
				757DB961202E1E8500CB9FF6 /* Release */,
			);
			defaultConfigurationIsVisible = 0;
			defaultConfigurationName = Release;
		};
		757DB962202E1E8500CB9FF6 /* Build configuration list for PBXNativeTarget "Roommate AppTests" */ = {
			isa = XCConfigurationList;
			buildConfigurations = (
				757DB963202E1E8500CB9FF6 /* Debug */,
				757DB964202E1E8500CB9FF6 /* Release */,
			);
			defaultConfigurationIsVisible = 0;
			defaultConfigurationName = Release;
		};
		757DB965202E1E8500CB9FF6 /* Build configuration list for PBXNativeTarget "Roommate AppUITests" */ = {
			isa = XCConfigurationList;
			buildConfigurations = (
				757DB966202E1E8500CB9FF6 /* Debug */,
				757DB967202E1E8500CB9FF6 /* Release */,
			);
			defaultConfigurationIsVisible = 0;
			defaultConfigurationName = Release;
		};
/* End XCConfigurationList section */
	};
	rootObject = 757DB92F202E1E8500CB9FF6 /* Project object */;
}
